
Microsoft Visual Studio Solution File, Format Version 12.00
# Visual Studio Version 17
VisualStudioVersion = 17.3.32825.248
MinimumVisualStudioVersion = 10.0.40219.1
Project("{FAE04EC0-301F-11D3-BF4B-00C04F79EFBC}") = "SqliteDataReader", "SqliteDataReader.csproj", "{B2BE72BD-FF79-45A1-95CE-AFEEB056D2BB}"
EndProject
Global
	GlobalSection(SolutionConfigurationPlatforms) = preSolution
		Debug|Any CPU = Debug|Any CPU
		Release|Any CPU = Release|Any CPU
	EndGlobalSection
	GlobalSection(ProjectConfigurationPlatforms) = postSolution
		{B2BE72BD-FF79-45A1-95CE-AFEEB056D2BB}.Debug|Any CPU.ActiveCfg = Debug|Any CPU
		{B2BE72BD-FF79-45A1-95CE-AFEEB056D2BB}.Debug|Any CPU.Build.0 = Debug|Any CPU
		{B2BE72BD-FF79-45A1-95CE-AFEEB056D2BB}.Release|Any CPU.ActiveCfg = Release|Any CPU
		{B2BE72BD-FF79-45A1-95CE-AFEEB056D2BB}.Release|Any CPU.Build.0 = Release|Any CPU
	EndGlobalSection
	GlobalSection(SolutionProperties) = preSolution
		HideSolutionNode = FALSE
	EndGlobalSection
	GlobalSection(ExtensibilityGlobals) = postSolution
		SolutionGuid = {FF1854F1-F833-48CD-8679-00E56CDCA54C}
	EndGlobalSection
EndGlobal
